
Microsoft Visual Studio Solution File, Format Version 12.00
# Visual Studio Version 17
VisualStudioVersion = 17.4.33213.308
MinimumVisualStudioVersion = 10.0.40219.1
Project("{FAE04EC0-301F-11D3-BF4B-00C04F79EFBC}") = "Calc", "Calc.csproj", "{85440115-1314-4957-9C66-6E96D2CB8DFC}"
EndProject
Global
	GlobalSection(SolutionConfigurationPlatforms) = preSolution
		Debug|Any CPU = Debug|Any CPU
		Release|Any CPU = Release|Any CPU
	EndGlobalSection
	GlobalSection(ProjectConfigurationPlatforms) = postSolution
		{85440115-1314-4957-9C66-6E96D2CB8DFC}.Debug|Any CPU.ActiveCfg = Debug|Any CPU
		{85440115-1314-4957-9C66-6E96D2CB8DFC}.Debug|Any CPU.Build.0 = Debug|Any CPU
		{85440115-1314-4957-9C66-6E96D2CB8DFC}.Release|Any CPU.ActiveCfg = Release|Any CPU
		{85440115-1314-4957-9C66-6E96D2CB8DFC}.Release|Any CPU.Build.0 = Release|Any CPU
	EndGlobalSection
	GlobalSection(SolutionProperties) = preSolution
		HideSolutionNode = FALSE
	EndGlobalSection
	GlobalSection(ExtensibilityGlobals) = postSolution
		SolutionGuid = {57BAD95D-DDE7-4547-8CD3-8AA281D57DD2}
	EndGlobalSection
EndGlobal
